# THIS IS AN AUTOGENERATED FILE. DO NOT EDIT THIS FILE DIRECTLY.
# yarn lockfile v1


"@babel/runtime@^7.15.4", "@babel/runtime@^7.9.2":
  "integrity" "sha1-tPz85V2z0uXggNJJD2CKO59Af0o="
  "resolved" "http://registry.npm.release.ctripcorp.com/@babel/runtime/download/@babel/runtime-7.18.9.tgz"
  "version" "7.18.9"
  dependencies:
    "regenerator-runtime" "^0.13.4"

"@next/env@13.0.0":
  "integrity" "sha1-OFJ5VmgGk8kLRSKrSrmi++Ohf2c="
  "resolved" "http://registry.npm.release.ctripcorp.com/@next/env/download/@next/env-13.0.0.tgz"
  "version" "13.0.0"

"@next/swc-win32-x64-msvc@13.0.0":
  "integrity" "sha1-xUpac53uBLIDONMFImoqzfcB9n8="
  "resolved" "http://registry.npm.release.ctripcorp.com/@next/swc-win32-x64-msvc/download/@next/swc-win32-x64-msvc-13.0.0.tgz"
  "version" "13.0.0"

"@swc/helpers@0.4.11":
  "integrity" "sha1-2yOjdnYbPTHCZQISLzSaIbWSyN4="
  "resolved" "http://registry.npm.release.ctripcorp.com/@swc/helpers/download/@swc/helpers-0.4.11.tgz"
  "version" "0.4.11"
  dependencies:
    "tslib" "^2.4.0"

"@types/bson@*", "@types/bson@1.x || 4.0.x":
  "integrity" "sha1-ng4dGm+IZkg/loaKmzO8gEkmsfw="
  "resolved" "http://registry.npm.release.ctripcorp.com/@types/bson/download/@types/bson-4.0.5.tgz"
  "version" "4.0.5"
  dependencies:
    "@types/node" "*"

"@types/hoist-non-react-statics@^3.3.0":
  "integrity" "sha1-ESSq/lEYy1kZd66xzqrtEHDrA58="
  "resolved" "http://registry.npm.release.ctripcorp.com/@types/hoist-non-react-statics/download/@types/hoist-non-react-statics-3.3.1.tgz"
  "version" "3.3.1"
  dependencies:
    "@types/react" "*"
    "hoist-non-react-statics" "^3.3.0"

"@types/mongodb@^3.5.27":
  "integrity" "sha1-t8XFgGRPY2QAK2Sa8cBsPARU4dI="
  "resolved" "http://registry.npm.release.ctripcorp.com/@types/mongodb/download/@types/mongodb-3.6.20.tgz"
  "version" "3.6.20"
  dependencies:
    "@types/bson" "*"
    "@types/node" "*"

"@types/node@*":
  "integrity" "sha1-TkqVtv5EAUVjzrUUslmLPmI9HJg="
  "resolved" "http://registry.npm.release.ctripcorp.com/@types/node/download/@types/node-18.6.3.tgz"
  "version" "18.6.3"

"@types/prop-types@*":
  "integrity" "sha1-XxnSuFqY6VWANvajysyIGUIPBc8="
  "resolved" "http://registry.npm.release.ctripcorp.com/@types/prop-types/download/@types/prop-types-15.7.5.tgz"
  "version" "15.7.5"

"@types/react-redux@^7.1.20":
  "integrity" "sha1-bKr/FgOroXsn0g+K0HPkwHfpdcA="
  "resolved" "http://registry.npm.release.ctripcorp.com/@types/react-redux/download/@types/react-redux-7.1.24.tgz"
  "version" "7.1.24"
  dependencies:
    "@types/hoist-non-react-statics" "^3.3.0"
    "@types/react" "*"
    "hoist-non-react-statics" "^3.3.0"
    "redux" "^4.0.0"

"@types/react@*":
  "integrity" "sha1-01VkTCaDLcJ/Pmy/DE9GA/xKt/4="
  "resolved" "http://registry.npm.release.ctripcorp.com/@types/react/download/@types/react-18.0.15.tgz"
  "version" "18.0.15"
  dependencies:
    "@types/prop-types" "*"
    "@types/scheduler" "*"
    "csstype" "^3.0.2"

"@types/scheduler@*":
  "integrity" "sha1-GmL4lSVyPd4kuhsBsJK/XfitTTk="
  "resolved" "http://registry.npm.release.ctripcorp.com/@types/scheduler/download/@types/scheduler-0.16.2.tgz"
  "version" "0.16.2"

"abbrev@1":
  "integrity" "sha1-+PLIh60Qv2f2NPAFtph/7TF5qsg="
  "resolved" "http://registry.npm.release.ctripcorp.com/abbrev/download/abbrev-1.1.1.tgz"
  "version" "1.1.1"

"accepts@^1.3.5", "accepts@~1.3.8":
  "integrity" "sha1-C/C+EltnAUrcsLCSHmLbe//hay4="
  "resolved" "http://registry.npm.release.ctripcorp.com/accepts/download/accepts-1.3.8.tgz"
  "version" "1.3.8"
  dependencies:
    "mime-types" "~2.1.34"
    "negotiator" "0.6.3"

"anymatch@~3.1.2":
  "integrity" "sha1-wFV8CWrzLxBhmPT04qODU343hxY="
  "resolved" "http://registry.npm.release.ctripcorp.com/anymatch/download/anymatch-3.1.2.tgz"
  "version" "3.1.2"
  dependencies:
    "normalize-path" "^3.0.0"
    "picomatch" "^2.0.4"

"array-flatten@1.1.1":
  "integrity" "sha1-ml9pkFGx5wczKPKgCJaLZOopVdI="
  "resolved" "http://registry.npm.release.ctripcorp.com/array-flatten/download/array-flatten-1.1.1.tgz"
  "version" "1.1.1"

"axios@^0.21.1":
  "integrity" "sha1-xnuQ3AVo5cHPKwuFjEO6KOLtpXU="
  "resolved" "http://registry.npm.release.ctripcorp.com/axios/download/axios-0.21.4.tgz"
  "version" "0.21.4"
  dependencies:
    "follow-redirects" "^1.14.0"

"balanced-match@^1.0.0":
  "integrity" "sha1-6D46fj8wCzTLnYf2FfoMvzV2kO4="
  "resolved" "http://registry.npm.release.ctripcorp.com/balanced-match/download/balanced-match-1.0.2.tgz"
  "version" "1.0.2"

"binary-extensions@^2.0.0":
  "integrity" "sha1-dfUC7q+f/eQvyYgpZFvk6na9ni0="
  "resolved" "http://registry.npm.release.ctripcorp.com/binary-extensions/download/binary-extensions-2.2.0.tgz"
  "version" "2.2.0"

"bl@^2.2.1":
  "integrity" "sha1-jBGntzBlXF1WiYzchxIk9A/ZAdU="
  "resolved" "http://registry.npm.release.ctripcorp.com/bl/download/bl-2.2.1.tgz"
  "version" "2.2.1"
  dependencies:
    "readable-stream" "^2.3.5"
    "safe-buffer" "^5.1.1"

"bluebird@3.5.1":
  "integrity" "sha1-2VUfnemPH82h5oPRfukaBgLuLrk="
  "resolved" "http://registry.npm.release.ctripcorp.com/bluebird/download/bluebird-3.5.1.tgz"
  "version" "3.5.1"

"body-parser@^1.19.0", "body-parser@1.20.0":
  "integrity" "sha1-Peab2JARwRVz17/uamTxG2vSfMU="
  "resolved" "http://registry.npm.release.ctripcorp.com/body-parser/download/body-parser-1.20.0.tgz"
  "version" "1.20.0"
  dependencies:
    "bytes" "3.1.2"
    "content-type" "~1.0.4"
    "debug" "2.6.9"
    "depd" "2.0.0"
    "destroy" "1.2.0"
    "http-errors" "2.0.0"
    "iconv-lite" "0.4.24"
    "on-finished" "2.4.1"
    "qs" "6.10.3"
    "raw-body" "2.5.1"
    "type-is" "~1.6.18"
    "unpipe" "1.0.0"

"brace-expansion@^1.1.7":
  "integrity" "sha1-PH/L9SnYcibz0vUrlm/1Jx60Qd0="
  "resolved" "http://registry.npm.release.ctripcorp.com/brace-expansion/download/brace-expansion-1.1.11.tgz"
  "version" "1.1.11"
  dependencies:
    "balanced-match" "^1.0.0"
    "concat-map" "0.0.1"

"braces@~3.0.2":
  "integrity" "sha1-NFThpGLujVmeI23zNs2epPiv4Qc="
  "resolved" "http://registry.npm.release.ctripcorp.com/braces/download/braces-3.0.2.tgz"
  "version" "3.0.2"
  dependencies:
    "fill-range" "^7.0.1"

"bson@^1.1.4":
  "integrity" "sha1-+4Gb6aYM1nfghTruTKcSp4XWYYo="
  "resolved" "http://registry.npm.release.ctripcorp.com/bson/download/bson-1.1.6.tgz"
  "version" "1.1.6"

"bytes@3.1.2":
  "integrity" "sha1-iwvuuYYFrfGxKPpDhkA8AJ4CIaU="
  "resolved" "http://registry.npm.release.ctripcorp.com/bytes/download/bytes-3.1.2.tgz"
  "version" "3.1.2"

"cache-content-type@^1.0.0":
  "integrity" "sha1-A1zeKwjuISn0qDFeqPAKANuhRTw="
  "resolved" "http://registry.npm.release.ctripcorp.com/cache-content-type/download/cache-content-type-1.0.1.tgz"
  "version" "1.0.1"
  dependencies:
    "mime-types" "^2.1.18"
    "ylru" "^1.2.0"

"call-bind@^1.0.0":
  "integrity" "sha1-sdTonmiBGcPJqQOtMKuy9qkZvjw="
  "resolved" "http://registry.npm.release.ctripcorp.com/call-bind/download/call-bind-1.0.2.tgz"
  "version" "1.0.2"
  dependencies:
    "function-bind" "^1.1.1"
    "get-intrinsic" "^1.0.2"

"caniuse-lite@^1.0.30001406":
  "integrity" "sha1-WNogRGzNDLHf69EdI1DJB+58Lqo="
  "resolved" "http://registry.npm.release.ctripcorp.com/caniuse-lite/download/caniuse-lite-1.0.30001426.tgz"
  "version" "1.0.30001426"

"chokidar@^3.5.2":
  "integrity" "sha1-HPN8hwe5Mr0a8a4iwEMuKs0ZA70="
  "resolved" "http://registry.npm.release.ctripcorp.com/chokidar/download/chokidar-3.5.3.tgz"
  "version" "3.5.3"
  dependencies:
    "anymatch" "~3.1.2"
    "braces" "~3.0.2"
    "glob-parent" "~5.1.2"
    "is-binary-path" "~2.1.0"
    "is-glob" "~4.0.1"
    "normalize-path" "~3.0.0"
    "readdirp" "~3.6.0"
  optionalDependencies:
    "fsevents" "~2.3.2"

"client-only@0.0.1":
  "integrity" "sha1-OLul1APEGrFQv/ZKlchQE89zvKE="
  "resolved" "http://registry.npm.release.ctripcorp.com/client-only/download/client-only-0.0.1.tgz"
  "version" "0.0.1"

"co@^4.6.0":
  "integrity" "sha1-bqa989hTrlTMuOR7+gvz+QMfsYQ="
  "resolved" "http://registry.npm.release.ctripcorp.com/co/download/co-4.6.0.tgz"
  "version" "4.6.0"

"concat-map@0.0.1":
  "integrity" "sha1-2Klr13/Wjfd5OnMDajug1UBdR3s="
  "resolved" "http://registry.npm.release.ctripcorp.com/concat-map/download/concat-map-0.0.1.tgz"
  "version" "0.0.1"

"connect-mongo@^3.2.0":
  "integrity" "sha1-IPd2x/Kp2BRPx2z9y/M+2wXrTVI="
  "resolved" "http://registry.npm.release.ctripcorp.com/connect-mongo/download/connect-mongo-3.2.0.tgz"
  "version" "3.2.0"
  dependencies:
    "mongodb" "^3.1.0"

"content-disposition@~0.5.2", "content-disposition@0.5.4":
  "integrity" "sha1-i4K076yCUSoCuwsdzsnSxejrW/4="
  "resolved" "http://registry.npm.release.ctripcorp.com/content-disposition/download/content-disposition-0.5.4.tgz"
  "version" "0.5.4"
  dependencies:
    "safe-buffer" "5.2.1"

"content-type@^1.0.4", "content-type@~1.0.4":
  "integrity" "sha1-4TjMdeBAxyexlm/l5fjJruJW/js="
  "resolved" "http://registry.npm.release.ctripcorp.com/content-type/download/content-type-1.0.4.tgz"
  "version" "1.0.4"

"cookie-signature@1.0.6":
  "integrity" "sha1-4wOogrNCzD7oylE6eZmXNNqzriw="
  "resolved" "http://registry.npm.release.ctripcorp.com/cookie-signature/download/cookie-signature-1.0.6.tgz"
  "version" "1.0.6"

"cookie@0.4.2":
  "integrity" "sha1-DkHyTeXs8xeUfIL8eJ4GqISCRDI="
  "resolved" "http://registry.npm.release.ctripcorp.com/cookie/download/cookie-0.4.2.tgz"
  "version" "0.4.2"

"cookie@0.5.0":
  "integrity" "sha1-0fXXGt7GVYxY84mYfDZqpH6ZT4s="
  "resolved" "http://registry.npm.release.ctripcorp.com/cookie/download/cookie-0.5.0.tgz"
  "version" "0.5.0"

"cookies@~0.8.0":
  "integrity" "sha1-EpPOSzkXQKhAbjyYcOgoxLVPP5A="
  "resolved" "http://registry.npm.release.ctripcorp.com/cookies/download/cookies-0.8.0.tgz"
  "version" "0.8.0"
  dependencies:
    "depd" "~2.0.0"
    "keygrip" "~1.1.0"

"core-util-is@~1.0.0":
  "integrity" "sha1-pgQtNjTCsn6TKPg3uWX6yDgI24U="
  "resolved" "http://registry.npm.release.ctripcorp.com/core-util-is/download/core-util-is-1.0.3.tgz"
  "version" "1.0.3"

"cors@^2.8.5":
  "integrity" "sha1-6sEdpRWS3Ya58G9uesKTs9+HXSk="
  "resolved" "http://registry.npm.release.ctripcorp.com/cors/download/cors-2.8.5.tgz"
  "version" "2.8.5"
  dependencies:
    "object-assign" "^4"
    "vary" "^1"

"csstype@^3.0.2":
  "integrity" "sha1-TdysNxjXh8+d8NG30VAzklyPKfI="
  "resolved" "http://registry.npm.release.ctripcorp.com/csstype/download/csstype-3.1.0.tgz"
  "version" "3.1.0"

"debug@^3.2.7":
  "integrity" "sha1-clgLfpFF+zm2Z2+cXl+xALk0F5o="
  "resolved" "http://registry.npm.release.ctripcorp.com/debug/download/debug-3.2.7.tgz"
  "version" "3.2.7"
  dependencies:
    "ms" "^2.1.1"

"debug@^4.1.1":
  "integrity" "sha1-Exn2V5NX8jONMzfSzdSRS7XcyGU="
  "resolved" "http://registry.npm.release.ctripcorp.com/debug/download/debug-4.3.4.tgz"
  "version" "4.3.4"
  dependencies:
    "ms" "2.1.2"

"debug@^4.3.2":
  "integrity" "sha1-Exn2V5NX8jONMzfSzdSRS7XcyGU="
  "resolved" "http://registry.npm.release.ctripcorp.com/debug/download/debug-4.3.4.tgz"
  "version" "4.3.4"
  dependencies:
    "ms" "2.1.2"

"debug@2.6.9":
  "integrity" "sha1-XRKFFd8TT/Mn6QpMk/Tgd6U2NB8="
  "resolved" "http://registry.npm.release.ctripcorp.com/debug/download/debug-2.6.9.tgz"
  "version" "2.6.9"
  dependencies:
    "ms" "2.0.0"

"debug@3.1.0":
  "integrity" "sha1-W7WgZyYotkFJVmuhaBnmFRjGcmE="
  "resolved" "http://registry.npm.release.ctripcorp.com/debug/download/debug-3.1.0.tgz"
  "version" "3.1.0"
  dependencies:
    "ms" "2.0.0"

"deep-equal@~1.0.1":
  "integrity" "sha1-9dJgKStmDghO/0zbyfCK0yR0SLU="
  "resolved" "http://registry.npm.release.ctripcorp.com/deep-equal/download/deep-equal-1.0.1.tgz"
  "version" "1.0.1"

"delegates@^1.0.0":
  "integrity" "sha1-hMbhWbgZBP3KWaDvRM2HDTElD5o="
  "resolved" "http://registry.npm.release.ctripcorp.com/delegates/download/delegates-1.0.0.tgz"
  "version" "1.0.0"

"denque@^1.4.1":
  "integrity" "sha1-B/Zw4pyaePj67LJWah4sEZKcXL8="
  "resolved" "http://registry.npm.release.ctripcorp.com/denque/download/denque-1.5.1.tgz"
  "version" "1.5.1"

"depd@^2.0.0", "depd@~2.0.0", "depd@2.0.0":
  "integrity" "sha1-tpYWPMdXVg0JzyLMj60Vcbeedt8="
  "resolved" "http://registry.npm.release.ctripcorp.com/depd/download/depd-2.0.0.tgz"
  "version" "2.0.0"

"depd@~1.1.2":
  "integrity" "sha1-m81S4UwJd2PnSbJ0xDRu0uVgtak="
  "resolved" "http://registry.npm.release.ctripcorp.com/depd/download/depd-1.1.2.tgz"
  "version" "1.1.2"

"destroy@^1.0.4", "destroy@1.2.0":
  "integrity" "sha1-SANzVQmti+VSk0xn32FPlOZvoBU="
  "resolved" "http://registry.npm.release.ctripcorp.com/destroy/download/destroy-1.2.0.tgz"
  "version" "1.2.0"

"ee-first@1.1.1":
  "integrity" "sha1-WQxhFWsK4vTwJVcyoViyZrxWsh0="
  "resolved" "http://registry.npm.release.ctripcorp.com/ee-first/download/ee-first-1.1.1.tgz"
  "version" "1.1.1"

"encodeurl@^1.0.2", "encodeurl@~1.0.2":
  "integrity" "sha1-rT/0yG7C0CkyL1oCw6mmBslbP1k="
  "resolved" "http://registry.npm.release.ctripcorp.com/encodeurl/download/encodeurl-1.0.2.tgz"
  "version" "1.0.2"

"escape-html@^1.0.3", "escape-html@~1.0.3":
  "integrity" "sha1-Aljq5NPQwJdN4cFpGI7wBR0dGYg="
  "resolved" "http://registry.npm.release.ctripcorp.com/escape-html/download/escape-html-1.0.3.tgz"
  "version" "1.0.3"

"etag@~1.8.1":
  "integrity" "sha1-Qa4u62XvpiJorr/qg6x9eSmbCIc="
  "resolved" "http://registry.npm.release.ctripcorp.com/etag/download/etag-1.8.1.tgz"
  "version" "1.8.1"

"express-session@^1.17.1":
  "integrity" "sha1-FLmXoV7UPllJyx0HNyVnXdJ3fzY="
  "resolved" "http://registry.npm.release.ctripcorp.com/express-session/download/express-session-1.17.3.tgz"
  "version" "1.17.3"
  dependencies:
    "cookie" "0.4.2"
    "cookie-signature" "1.0.6"
    "debug" "2.6.9"
    "depd" "~2.0.0"
    "on-headers" "~1.0.2"
    "parseurl" "~1.3.3"
    "safe-buffer" "5.2.1"
    "uid-safe" "~2.1.5"

"express@^4.17.1":
  "integrity" "sha1-d5fei5xyyFe5zQ4Upe6oBmYmfK8="
  "resolved" "http://registry.npm.release.ctripcorp.com/express/download/express-4.18.1.tgz"
  "version" "4.18.1"
  dependencies:
    "accepts" "~1.3.8"
    "array-flatten" "1.1.1"
    "body-parser" "1.20.0"
    "content-disposition" "0.5.4"
    "content-type" "~1.0.4"
    "cookie" "0.5.0"
    "cookie-signature" "1.0.6"
    "debug" "2.6.9"
    "depd" "2.0.0"
    "encodeurl" "~1.0.2"
    "escape-html" "~1.0.3"
    "etag" "~1.8.1"
    "finalhandler" "1.2.0"
    "fresh" "0.5.2"
    "http-errors" "2.0.0"
    "merge-descriptors" "1.0.1"
    "methods" "~1.1.2"
    "on-finished" "2.4.1"
    "parseurl" "~1.3.3"
    "path-to-regexp" "0.1.7"
    "proxy-addr" "~2.0.7"
    "qs" "6.10.3"
    "range-parser" "~1.2.1"
    "safe-buffer" "5.2.1"
    "send" "0.18.0"
    "serve-static" "1.15.0"
    "setprototypeof" "1.2.0"
    "statuses" "2.0.1"
    "type-is" "~1.6.18"
    "utils-merge" "1.0.1"
    "vary" "~1.1.2"

"fill-range@^7.0.1":
  "integrity" "sha1-GRmmp8df44ssfHflGYU12prN2kA="
  "resolved" "http://registry.npm.release.ctripcorp.com/fill-range/download/fill-range-7.0.1.tgz"
  "version" "7.0.1"
  dependencies:
    "to-regex-range" "^5.0.1"

"finalhandler@1.2.0":
  "integrity" "sha1-fSP+VzGyB7RkDk/NAK7B+SB6ezI="
  "resolved" "http://registry.npm.release.ctripcorp.com/finalhandler/download/finalhandler-1.2.0.tgz"
  "version" "1.2.0"
  dependencies:
    "debug" "2.6.9"
    "encodeurl" "~1.0.2"
    "escape-html" "~1.0.3"
    "on-finished" "2.4.1"
    "parseurl" "~1.3.3"
    "statuses" "2.0.1"
    "unpipe" "~1.0.0"

"follow-redirects@^1.14.0":
  "integrity" "sha1-DKakUjBsmyduTTEnSD4pV14getU="
  "resolved" "http://registry.npm.release.ctripcorp.com/follow-redirects/download/follow-redirects-1.15.1.tgz"
  "version" "1.15.1"

"forwarded@0.2.0":
  "integrity" "sha1-ImmTZCiq1MFcfr6XeahL8LKoGBE="
  "resolved" "http://registry.npm.release.ctripcorp.com/forwarded/download/forwarded-0.2.0.tgz"
  "version" "0.2.0"

"fresh@~0.5.2", "fresh@0.5.2":
  "integrity" "sha1-PYyt2Q2XZWn6g1qx+OSyOhBWBac="
  "resolved" "http://registry.npm.release.ctripcorp.com/fresh/download/fresh-0.5.2.tgz"
  "version" "0.5.2"

"function-bind@^1.1.1":
  "integrity" "sha1-pWiZ0+o8m6uHS7l3O3xe3pL0iV0="
  "resolved" "http://registry.npm.release.ctripcorp.com/function-bind/download/function-bind-1.1.1.tgz"
  "version" "1.1.1"

"get-intrinsic@^1.0.2":
  "integrity" "sha1-M2l1Ej4FrQt7pB8VLuSq2+ps9Zg="
  "resolved" "http://registry.npm.release.ctripcorp.com/get-intrinsic/download/get-intrinsic-1.1.2.tgz"
  "version" "1.1.2"
  dependencies:
    "function-bind" "^1.1.1"
    "has" "^1.0.3"
    "has-symbols" "^1.0.3"

"glob-parent@~5.1.2":
  "integrity" "sha1-hpgyxYA0/mikCTwX3BXoNA2EAcQ="
  "resolved" "http://registry.npm.release.ctripcorp.com/glob-parent/download/glob-parent-5.1.2.tgz"
  "version" "5.1.2"
  dependencies:
    "is-glob" "^4.0.1"

"has-flag@^3.0.0":
  "integrity" "sha1-tdRU3CGZriJWmfNGfloH87lVuv0="
  "resolved" "http://registry.npm.release.ctripcorp.com/has-flag/download/has-flag-3.0.0.tgz"
  "version" "3.0.0"

"has-symbols@^1.0.2", "has-symbols@^1.0.3":
  "integrity" "sha1-u3ssQ0klHc6HsSX3vfh0qnyLOfg="
  "resolved" "http://registry.npm.release.ctripcorp.com/has-symbols/download/has-symbols-1.0.3.tgz"
  "version" "1.0.3"

"has-tostringtag@^1.0.0":
  "integrity" "sha1-fhM4GKfTlHNPlB5zw9P5KR5liyU="
  "resolved" "http://registry.npm.release.ctripcorp.com/has-tostringtag/download/has-tostringtag-1.0.0.tgz"
  "version" "1.0.0"
  dependencies:
    "has-symbols" "^1.0.2"

"has@^1.0.3":
  "integrity" "sha1-ci18v8H2qoJB8W3YFOAR4fQeh5Y="
  "resolved" "http://registry.npm.release.ctripcorp.com/has/download/has-1.0.3.tgz"
  "version" "1.0.3"
  dependencies:
    "function-bind" "^1.1.1"

"hoist-non-react-statics@^3.3.0", "hoist-non-react-statics@^3.3.2":
  "integrity" "sha1-7OCsr3HWLClpwuxZ/v9CpLGoW0U="
  "resolved" "http://registry.npm.release.ctripcorp.com/hoist-non-react-statics/download/hoist-non-react-statics-3.3.2.tgz"
  "version" "3.3.2"
  dependencies:
    "react-is" "^16.7.0"

"http-assert@^1.3.0":
  "integrity" "sha1-w4nM2HrBbtLfpiRv1zuSaqAOa48="
  "resolved" "http://registry.npm.release.ctripcorp.com/http-assert/download/http-assert-1.5.0.tgz"
  "version" "1.5.0"
  dependencies:
    "deep-equal" "~1.0.1"
    "http-errors" "~1.8.0"

"http-errors@^1.6.3":
  "integrity" "sha1-fD8oV3y8iiBziEVdvWIpXtB71ow="
  "resolved" "http://registry.npm.release.ctripcorp.com/http-errors/download/http-errors-1.8.1.tgz"
  "version" "1.8.1"
  dependencies:
    "depd" "~1.1.2"
    "inherits" "2.0.4"
    "setprototypeof" "1.2.0"
    "statuses" ">= 1.5.0 < 2"
    "toidentifier" "1.0.1"

"http-errors@^1.7.3":
  "integrity" "sha1-fD8oV3y8iiBziEVdvWIpXtB71ow="
  "resolved" "http://registry.npm.release.ctripcorp.com/http-errors/download/http-errors-1.8.1.tgz"
  "version" "1.8.1"
  dependencies:
    "depd" "~1.1.2"
    "inherits" "2.0.4"
    "setprototypeof" "1.2.0"
    "statuses" ">= 1.5.0 < 2"
    "toidentifier" "1.0.1"

"http-errors@~1.8.0":
  "integrity" "sha1-fD8oV3y8iiBziEVdvWIpXtB71ow="
  "resolved" "http://registry.npm.release.ctripcorp.com/http-errors/download/http-errors-1.8.1.tgz"
  "version" "1.8.1"
  dependencies:
    "depd" "~1.1.2"
    "inherits" "2.0.4"
    "setprototypeof" "1.2.0"
    "statuses" ">= 1.5.0 < 2"
    "toidentifier" "1.0.1"

"http-errors@2.0.0":
  "integrity" "sha1-t3dKFIbvc892Z6ya4IWMASxXudM="
  "resolved" "http://registry.npm.release.ctripcorp.com/http-errors/download/http-errors-2.0.0.tgz"
  "version" "2.0.0"
  dependencies:
    "depd" "2.0.0"
    "inherits" "2.0.4"
    "setprototypeof" "1.2.0"
    "statuses" "2.0.1"
    "toidentifier" "1.0.1"

"iconv-lite@0.4.24":
  "integrity" "sha1-ICK0sl+93CHS9SSXSkdKr+czkIs="
  "resolved" "http://registry.npm.release.ctripcorp.com/iconv-lite/download/iconv-lite-0.4.24.tgz"
  "version" "0.4.24"
  dependencies:
    "safer-buffer" ">= 2.1.2 < 3"

"ignore-by-default@^1.0.1":
  "integrity" "sha1-SMptcvbGo68Aqa1K5odr44ieKwk="
  "resolved" "http://registry.npm.release.ctripcorp.com/ignore-by-default/download/ignore-by-default-1.0.1.tgz"
  "version" "1.0.1"

"inherits@~2.0.3", "inherits@2.0.4":
  "integrity" "sha1-D6LGT5MpF8NDOg3tVTY6rjdBa3w="
  "resolved" "http://registry.npm.release.ctripcorp.com/inherits/download/inherits-2.0.4.tgz"
  "version" "2.0.4"

"ipaddr.js@1.9.1":
  "integrity" "sha1-v/OFQ+64mEglB5/zoqjmy9RngbM="
  "resolved" "http://registry.npm.release.ctripcorp.com/ipaddr.js/download/ipaddr.js-1.9.1.tgz"
  "version" "1.9.1"

"is-binary-path@~2.1.0":
  "integrity" "sha1-6h9/O4DwZCNug0cPhsCcJU+0Wwk="
  "resolved" "http://registry.npm.release.ctripcorp.com/is-binary-path/download/is-binary-path-2.1.0.tgz"
  "version" "2.1.0"
  dependencies:
    "binary-extensions" "^2.0.0"

"is-extglob@^2.1.1":
  "integrity" "sha1-qIwCU1eR8C7TfHahueqXc8gz+MI="
  "resolved" "http://registry.npm.release.ctripcorp.com/is-extglob/download/is-extglob-2.1.1.tgz"
  "version" "2.1.1"

"is-generator-function@^1.0.7":
  "integrity" "sha1-8VWLrxrBfg3up8BBXEODUf8rPHI="
  "resolved" "http://registry.npm.release.ctripcorp.com/is-generator-function/download/is-generator-function-1.0.10.tgz"
  "version" "1.0.10"
  dependencies:
    "has-tostringtag" "^1.0.0"

"is-glob@^4.0.1", "is-glob@~4.0.1":
  "integrity" "sha1-ZPYeQsu7LuwgcanawLKLoeZdUIQ="
  "resolved" "http://registry.npm.release.ctripcorp.com/is-glob/download/is-glob-4.0.3.tgz"
  "version" "4.0.3"
  dependencies:
    "is-extglob" "^2.1.1"

"is-number@^7.0.0":
  "integrity" "sha1-dTU0W4lnNNX4DE0GxQlVUnoU8Ss="
  "resolved" "http://registry.npm.release.ctripcorp.com/is-number/download/is-number-7.0.0.tgz"
  "version" "7.0.0"

"isarray@~1.0.0":
  "integrity" "sha1-u5NdSFgsuhaMBoNJV6VKPgcSTxE="
  "resolved" "http://registry.npm.release.ctripcorp.com/isarray/download/isarray-1.0.0.tgz"
  "version" "1.0.0"

"js-tokens@^3.0.0 || ^4.0.0":
  "integrity" "sha1-GSA/tZmR35jjoocFDUZHzerzJJk="
  "resolved" "http://registry.npm.release.ctripcorp.com/js-tokens/download/js-tokens-4.0.0.tgz"
  "version" "4.0.0"

"kareem@2.3.2":
  "integrity" "sha1-eMRQiJSYW404oNwV4ajhEHjyypM="
  "resolved" "http://registry.npm.release.ctripcorp.com/kareem/download/kareem-2.3.2.tgz"
  "version" "2.3.2"

"keygrip@~1.1.0":
  "integrity" "sha1-hxsWgdXhWcYqRFsMdLYV4JF+ciY="
  "resolved" "http://registry.npm.release.ctripcorp.com/keygrip/download/keygrip-1.1.0.tgz"
  "version" "1.1.0"
  dependencies:
    "tsscmp" "1.0.6"

"koa-compose@^4.1.0":
  "integrity" "sha1-UHMGuTcZAdtBEhyBLpI9DWfT6Hc="
  "resolved" "http://registry.npm.release.ctripcorp.com/koa-compose/download/koa-compose-4.1.0.tgz"
  "version" "4.1.0"

"koa-convert@^2.0.0":
  "integrity" "sha1-hqDETYHUBVG64i/uZwmQRXPupPU="
  "resolved" "http://registry.npm.release.ctripcorp.com/koa-convert/download/koa-convert-2.0.0.tgz"
  "version" "2.0.0"
  dependencies:
    "co" "^4.6.0"
    "koa-compose" "^4.1.0"

"koa-router@^10.0.0":
  "integrity" "sha1-IICfgmSFGLhHJs1EUDeBPNmfF/8="
  "resolved" "http://registry.npm.release.ctripcorp.com/koa-router/download/koa-router-10.1.1.tgz"
  "version" "10.1.1"
  dependencies:
    "debug" "^4.1.1"
    "http-errors" "^1.7.3"
    "koa-compose" "^4.1.0"
    "methods" "^1.1.2"
    "path-to-regexp" "^6.1.0"

"koa@^2.13.1":
  "integrity" "sha1-7lsMs54LgGnDjRFROcd0gz0yRi4="
  "resolved" "http://registry.npm.release.ctripcorp.com/koa/download/koa-2.13.4.tgz"
  "version" "2.13.4"
  dependencies:
    "accepts" "^1.3.5"
    "cache-content-type" "^1.0.0"
    "content-disposition" "~0.5.2"
    "content-type" "^1.0.4"
    "cookies" "~0.8.0"
    "debug" "^4.3.2"
    "delegates" "^1.0.0"
    "depd" "^2.0.0"
    "destroy" "^1.0.4"
    "encodeurl" "^1.0.2"
    "escape-html" "^1.0.3"
    "fresh" "~0.5.2"
    "http-assert" "^1.3.0"
    "http-errors" "^1.6.3"
    "is-generator-function" "^1.0.7"
    "koa-compose" "^4.1.0"
    "koa-convert" "^2.0.0"
    "on-finished" "^2.3.0"
    "only" "~0.0.2"
    "parseurl" "^1.3.2"
    "statuses" "^1.5.0"
    "type-is" "^1.6.16"
    "vary" "^1.1.2"

"loose-envify@^1.1.0", "loose-envify@^1.4.0":
  "integrity" "sha1-ce5R+nvkyuwaY4OffmgtgTLTDK8="
  "resolved" "http://registry.npm.release.ctripcorp.com/loose-envify/download/loose-envify-1.4.0.tgz"
  "version" "1.4.0"
  dependencies:
    "js-tokens" "^3.0.0 || ^4.0.0"

"media-typer@0.3.0":
  "integrity" "sha1-hxDXrwqmJvj/+hzgAWhUUmMlV0g="
  "resolved" "http://registry.npm.release.ctripcorp.com/media-typer/download/media-typer-0.3.0.tgz"
  "version" "0.3.0"

"memory-pager@^1.0.2":
  "integrity" "sha1-2HUWVdItOEaCdByXLyw9bfo+ZrU="
  "resolved" "http://registry.npm.release.ctripcorp.com/memory-pager/download/memory-pager-1.5.0.tgz"
  "version" "1.5.0"

"merge-descriptors@1.0.1":
  "integrity" "sha1-sAqqVW3YtEVoFQ7J0blT8/kMu2E="
  "resolved" "http://registry.npm.release.ctripcorp.com/merge-descriptors/download/merge-descriptors-1.0.1.tgz"
  "version" "1.0.1"

"methods@^1.1.2", "methods@~1.1.2":
  "integrity" "sha1-VSmk1nZUE07cxSZmVoNbD4Ua/O4="
  "resolved" "http://registry.npm.release.ctripcorp.com/methods/download/methods-1.1.2.tgz"
  "version" "1.1.2"

"mime-db@1.52.0":
  "integrity" "sha1-u6vNwChZ9JhzAchW4zh85exDv3A="
  "resolved" "http://registry.npm.release.ctripcorp.com/mime-db/download/mime-db-1.52.0.tgz"
  "version" "1.52.0"

"mime-types@^2.1.18", "mime-types@~2.1.24", "mime-types@~2.1.34":
  "integrity" "sha1-OBqHG2KnNEUGYK497uRIE/cNlZo="
  "resolved" "http://registry.npm.release.ctripcorp.com/mime-types/download/mime-types-2.1.35.tgz"
  "version" "2.1.35"
  dependencies:
    "mime-db" "1.52.0"

"mime@1.6.0":
  "integrity" "sha1-Ms2eXGRVO9WNGaVor0Uqz/BJgbE="
  "resolved" "http://registry.npm.release.ctripcorp.com/mime/download/mime-1.6.0.tgz"
  "version" "1.6.0"

"minimatch@^3.1.2":
  "integrity" "sha1-Gc0ZS/0+Qo8EmnCBfAONiatL41s="
  "resolved" "http://registry.npm.release.ctripcorp.com/minimatch/download/minimatch-3.1.2.tgz"
  "version" "3.1.2"
  dependencies:
    "brace-expansion" "^1.1.7"

"moment@^2.29.1":
  "integrity" "sha1-Pb4FKIn+fBsu2Wb8s6dzKJZO8Qg="
  "resolved" "http://registry.npm.release.ctripcorp.com/moment/download/moment-2.29.4.tgz"
  "version" "2.29.4"

"mongodb@^3.1.0", "mongodb@3.7.3":
  "integrity" "sha1-t5Sc/QrcTMfTLT8gNCFNRHXxdaU="
  "resolved" "http://registry.npm.release.ctripcorp.com/mongodb/download/mongodb-3.7.3.tgz"
  "version" "3.7.3"
  dependencies:
    "bl" "^2.2.1"
    "bson" "^1.1.4"
    "denque" "^1.4.1"
    "optional-require" "^1.1.8"
    "safe-buffer" "^5.1.2"
  optionalDependencies:
    "saslprep" "^1.0.0"

"mongoose-legacy-pluralize@1.0.2":
  "integrity" "sha1-O6n5H6UHtRhtOZ+0CFS/8Y+1Y+Q="
  "resolved" "http://registry.npm.release.ctripcorp.com/mongoose-legacy-pluralize/download/mongoose-legacy-pluralize-1.0.2.tgz"
  "version" "1.0.2"

"mongoose@*", "mongoose@^5.11.13":
  "integrity" "sha1-/8lwS9Ai3QGPvdy+J9yALHdxn7Q="
  "resolved" "http://registry.npm.release.ctripcorp.com/mongoose/download/mongoose-5.13.14.tgz"
  "version" "5.13.14"
  dependencies:
    "@types/bson" "1.x || 4.0.x"
    "@types/mongodb" "^3.5.27"
    "bson" "^1.1.4"
    "kareem" "2.3.2"
    "mongodb" "3.7.3"
    "mongoose-legacy-pluralize" "1.0.2"
    "mpath" "0.8.4"
    "mquery" "3.2.5"
    "ms" "2.1.2"
    "optional-require" "1.0.x"
    "regexp-clone" "1.0.0"
    "safe-buffer" "5.2.1"
    "sift" "13.5.2"
    "sliced" "1.0.1"

"mpath@0.8.4":
  "integrity" "sha1-a1ZtlYFiHZ6THdOxQu02GOdZkxM="
  "resolved" "http://registry.npm.release.ctripcorp.com/mpath/download/mpath-0.8.4.tgz"
  "version" "0.8.4"

"mquery@3.2.5":
  "integrity" "sha1-jyMFYy5LsZf2j2DAz/ohqvQGDFE="
  "resolved" "http://registry.npm.release.ctripcorp.com/mquery/download/mquery-3.2.5.tgz"
  "version" "3.2.5"
  dependencies:
    "bluebird" "3.5.1"
    "debug" "3.1.0"
    "regexp-clone" "^1.0.0"
    "safe-buffer" "5.1.2"
    "sliced" "1.0.1"

"ms@^2.1.1":
  "integrity" "sha1-V0yBOM4dK1hh8LRFedut1gxmFbI="
  "resolved" "http://registry.npm.release.ctripcorp.com/ms/download/ms-2.1.3.tgz"
  "version" "2.1.3"

"ms@2.0.0":
  "integrity" "sha1-VgiurfwAvmwpAd9fmGF4jeDVl8g="
  "resolved" "http://registry.npm.release.ctripcorp.com/ms/download/ms-2.0.0.tgz"
  "version" "2.0.0"

"ms@2.1.2":
  "integrity" "sha1-0J0fNXtEP0kzgqjrPM0YOHKuYAk="
  "resolved" "http://registry.npm.release.ctripcorp.com/ms/download/ms-2.1.2.tgz"
  "version" "2.1.2"

"ms@2.1.3":
  "integrity" "sha1-V0yBOM4dK1hh8LRFedut1gxmFbI="
  "resolved" "http://registry.npm.release.ctripcorp.com/ms/download/ms-2.1.3.tgz"
  "version" "2.1.3"

"nanoid@^3.3.4":
  "integrity" "sha1-cwtn480J4t6s8DwCfIHJ2dvF6Ks="
  "resolved" "http://registry.npm.release.ctripcorp.com/nanoid/download/nanoid-3.3.4.tgz"
  "version" "3.3.4"

"negotiator@0.6.3":
  "integrity" "sha1-WOMjpy/twNb5zU0x/kn1FHlZDM0="
  "resolved" "http://registry.npm.release.ctripcorp.com/negotiator/download/negotiator-0.6.3.tgz"
  "version" "0.6.3"

"next@^13.0.0":
  "integrity" "sha1-bwcGSk83RWLPWGd7703QYybKZIs="
  "resolved" "http://registry.npm.release.ctripcorp.com/next/download/next-13.0.0.tgz"
  "version" "13.0.0"
  dependencies:
    "@next/env" "13.0.0"
    "@swc/helpers" "0.4.11"
    "caniuse-lite" "^1.0.30001406"
    "postcss" "8.4.14"
    "styled-jsx" "5.1.0"
    "use-sync-external-store" "1.2.0"
  optionalDependencies:
    "@next/swc-android-arm-eabi" "13.0.0"
    "@next/swc-android-arm64" "13.0.0"
    "@next/swc-darwin-arm64" "13.0.0"
    "@next/swc-darwin-x64" "13.0.0"
    "@next/swc-freebsd-x64" "13.0.0"
    "@next/swc-linux-arm-gnueabihf" "13.0.0"
    "@next/swc-linux-arm64-gnu" "13.0.0"
    "@next/swc-linux-arm64-musl" "13.0.0"
    "@next/swc-linux-x64-gnu" "13.0.0"
    "@next/swc-linux-x64-musl" "13.0.0"
    "@next/swc-win32-arm64-msvc" "13.0.0"
    "@next/swc-win32-ia32-msvc" "13.0.0"
    "@next/swc-win32-x64-msvc" "13.0.0"

"nodemon@^2.0.20":
  "integrity" "sha1-41N952ikkujXTaXFgTywx0hvxwE="
  "resolved" "http://registry.npm.release.ctripcorp.com/nodemon/download/nodemon-2.0.20.tgz"
  "version" "2.0.20"
  dependencies:
    "chokidar" "^3.5.2"
    "debug" "^3.2.7"
    "ignore-by-default" "^1.0.1"
    "minimatch" "^3.1.2"
    "pstree.remy" "^1.1.8"
    "semver" "^5.7.1"
    "simple-update-notifier" "^1.0.7"
    "supports-color" "^5.5.0"
    "touch" "^3.1.0"
    "undefsafe" "^2.0.5"

"nopt@~1.0.10":
  "integrity" "sha1-bd0hvSoxQXuScn3Vhfim83YI6+4="
  "resolved" "http://registry.npm.release.ctripcorp.com/nopt/download/nopt-1.0.10.tgz"
  "version" "1.0.10"
  dependencies:
    "abbrev" "1"

"normalize-path@^3.0.0", "normalize-path@~3.0.0":
  "integrity" "sha1-Dc1p/yOhybEf0JeDFmRKA4ghamU="
  "resolved" "http://registry.npm.release.ctripcorp.com/normalize-path/download/normalize-path-3.0.0.tgz"
  "version" "3.0.0"

"object-assign@^4", "object-assign@^4.1.1":
  "integrity" "sha1-IQmtx5ZYh8/AXLvUQsrIv7s2CGM="
  "resolved" "http://registry.npm.release.ctripcorp.com/object-assign/download/object-assign-4.1.1.tgz"
  "version" "4.1.1"

"object-inspect@^1.9.0":
  "integrity" "sha1-wGQfJjlFMvKKuNeWq5VOQ8AJqOo="
  "resolved" "http://registry.npm.release.ctripcorp.com/object-inspect/download/object-inspect-1.12.2.tgz"
  "version" "1.12.2"

"on-finished@^2.3.0", "on-finished@2.4.1":
  "integrity" "sha1-WMjEQRblSEWtV/FKsQsDUzGErD8="
  "resolved" "http://registry.npm.release.ctripcorp.com/on-finished/download/on-finished-2.4.1.tgz"
  "version" "2.4.1"
  dependencies:
    "ee-first" "1.1.1"

"on-headers@~1.0.2":
  "integrity" "sha1-dysK5qqlJcOZ5Imt+tkMQD6zwo8="
  "resolved" "http://registry.npm.release.ctripcorp.com/on-headers/download/on-headers-1.0.2.tgz"
  "version" "1.0.2"

"only@~0.0.2":
  "integrity" "sha1-Kv3oTQPlC5qO3EROMGEKcCle37Q="
  "resolved" "http://registry.npm.release.ctripcorp.com/only/download/only-0.0.2.tgz"
  "version" "0.0.2"

"optional-require@^1.1.8":
  "integrity" "sha1-FjZNdiYbddlkxIKyQGy4JNjsRLc="
  "resolved" "http://registry.npm.release.ctripcorp.com/optional-require/download/optional-require-1.1.8.tgz"
  "version" "1.1.8"
  dependencies:
    "require-at" "^1.0.6"

"optional-require@1.0.x":
  "integrity" "sha1-J1uOnfHcahetFVNpwkIqRA+Jywc="
  "resolved" "http://registry.npm.release.ctripcorp.com/optional-require/download/optional-require-1.0.3.tgz"
  "version" "1.0.3"

"parseurl@^1.3.2", "parseurl@~1.3.3":
  "integrity" "sha1-naGee+6NEt/wUT7Vt2lXeTvC6NQ="
  "resolved" "http://registry.npm.release.ctripcorp.com/parseurl/download/parseurl-1.3.3.tgz"
  "version" "1.3.3"

"path-to-regexp@^6.1.0":
  "integrity" "sha1-1Uk01nmOueXvFOeveWLJRZBpGOU="
  "resolved" "http://registry.npm.release.ctripcorp.com/path-to-regexp/download/path-to-regexp-6.2.1.tgz"
  "version" "6.2.1"

"path-to-regexp@0.1.7":
  "integrity" "sha1-32BBeABfUi8V60SQ5yR6G/qmf4w="
  "resolved" "http://registry.npm.release.ctripcorp.com/path-to-regexp/download/path-to-regexp-0.1.7.tgz"
  "version" "0.1.7"

"picocolors@^1.0.0":
  "integrity" "sha1-y1vcdP8/UYkiNur3nWi8RFZKuBw="
  "resolved" "http://registry.npm.release.ctripcorp.com/picocolors/download/picocolors-1.0.0.tgz"
  "version" "1.0.0"

"picomatch@^2.0.4", "picomatch@^2.2.1":
  "integrity" "sha1-O6ODNzNkbZ0+SZWUbBNlpn+wekI="
  "resolved" "http://registry.npm.release.ctripcorp.com/picomatch/download/picomatch-2.3.1.tgz"
  "version" "2.3.1"

"postcss@8.4.14":
  "integrity" "sha1-7pJ01WIrSFjBAHp0125C5W/SHK8="
  "resolved" "http://registry.npm.release.ctripcorp.com/postcss/download/postcss-8.4.14.tgz"
  "version" "8.4.14"
  dependencies:
    "nanoid" "^3.3.4"
    "picocolors" "^1.0.0"
    "source-map-js" "^1.0.2"

"process-nextick-args@~2.0.0":
  "integrity" "sha1-eCDZsWEgzFXKmud5JoCufbptf+I="
  "resolved" "http://registry.npm.release.ctripcorp.com/process-nextick-args/download/process-nextick-args-2.0.1.tgz"
  "version" "2.0.1"

"prop-types@^15.7.2":
  "integrity" "sha1-UsQedbjIfnK52TYOAga5ncv/psU="
  "resolved" "http://registry.npm.release.ctripcorp.com/prop-types/download/prop-types-15.7.2.tgz"
  "version" "15.7.2"
  dependencies:
    "loose-envify" "^1.4.0"
    "object-assign" "^4.1.1"
    "react-is" "^16.8.1"

"proxy-addr@~2.0.7":
  "integrity" "sha1-8Z/mnOqzEe65S0LnDowgcPm6ECU="
  "resolved" "http://registry.npm.release.ctripcorp.com/proxy-addr/download/proxy-addr-2.0.7.tgz"
  "version" "2.0.7"
  dependencies:
    "forwarded" "0.2.0"
    "ipaddr.js" "1.9.1"

"pstree.remy@^1.1.8":
  "integrity" "sha1-wkIiT0pnwh9oaDm720rCgrg3PTo="
  "resolved" "http://registry.npm.release.ctripcorp.com/pstree.remy/download/pstree.remy-1.1.8.tgz"
  "version" "1.1.8"

"qs@6.10.3":
  "integrity" "sha1-1s3hsv/Kh7WqV4iYFsX4FTXiLo4="
  "resolved" "http://registry.npm.release.ctripcorp.com/qs/download/qs-6.10.3.tgz"
  "version" "6.10.3"
  dependencies:
    "side-channel" "^1.0.4"

"random-bytes@~1.0.0":
  "integrity" "sha1-T2ih3Arli9P7lYSMMDJNt11kNgs="
  "resolved" "http://registry.npm.release.ctripcorp.com/random-bytes/download/random-bytes-1.0.0.tgz"
  "version" "1.0.0"

"range-parser@~1.2.1":
  "integrity" "sha1-PPNwI9GZ4cJNGlW4SADC8+ZGgDE="
  "resolved" "http://registry.npm.release.ctripcorp.com/range-parser/download/range-parser-1.2.1.tgz"
  "version" "1.2.1"

"raw-body@2.5.1":
  "integrity" "sha1-/hsWKLGBtwAhXl/UI4n5i3E5KFc="
  "resolved" "http://registry.npm.release.ctripcorp.com/raw-body/download/raw-body-2.5.1.tgz"
  "version" "2.5.1"
  dependencies:
    "bytes" "3.1.2"
    "http-errors" "2.0.0"
    "iconv-lite" "0.4.24"
    "unpipe" "1.0.0"

"react-dom@^18.0.0-0", "react-dom@^18.0.1":
  "integrity" "sha1-IqrzhwjbJnTtmtoiTKSqcI2CHj0="
  "resolved" "http://registry.npm.release.ctripcorp.com/react-dom/download/react-dom-18.2.0.tgz"
  "version" "18.2.0"
  dependencies:
    "loose-envify" "^1.1.0"
    "scheduler" "^0.23.0"

"react-is@^16.7.0":
  "integrity" "sha1-eJcppNw23imZ3BVt1sHZwYzqVqQ="
  "resolved" "http://registry.npm.release.ctripcorp.com/react-is/download/react-is-16.13.1.tgz"
  "version" "16.13.1"

"react-is@^16.8.1":
  "integrity" "sha1-eJcppNw23imZ3BVt1sHZwYzqVqQ="
  "resolved" "http://registry.npm.release.ctripcorp.com/react-is/download/react-is-16.13.1.tgz"
  "version" "16.13.1"

"react-is@^17.0.2":
  "integrity" "sha1-5pHUqOnHiTZWVVOas3J2Kw77VPA="
  "resolved" "http://registry.npm.release.ctripcorp.com/react-is/download/react-is-17.0.2.tgz"
  "version" "17.0.2"

"react-redux@^7.2.2":
  "integrity" "sha1-qJQGgxXmXeWxtoiZ+cbuCSPdKN4="
  "resolved" "http://registry.npm.release.ctripcorp.com/react-redux/download/react-redux-7.2.8.tgz"
  "version" "7.2.8"
  dependencies:
    "@babel/runtime" "^7.15.4"
    "@types/react-redux" "^7.1.20"
    "hoist-non-react-statics" "^3.3.2"
    "loose-envify" "^1.4.0"
    "prop-types" "^15.7.2"
    "react-is" "^17.0.2"

"react@^16.8.0 || ^17.0.0 || ^18.0.0", "react@^16.8.3 || ^17 || ^18", "react@^18.0.0-0", "react@^18.0.1", "react@^18.2.0", "react@>= 16.8.0 || 17.x.x || ^18.0.0-0":
  "integrity" "sha1-VVvZhZKIMlX6AN4U8RUakXtdd9U="
  "resolved" "http://registry.npm.release.ctripcorp.com/react/download/react-18.2.0.tgz"
  "version" "18.2.0"
  dependencies:
    "loose-envify" "^1.1.0"

"readable-stream@^2.3.5":
  "integrity" "sha1-Hsoc9xGu+BTAT2IlKjamL2yyO1c="
  "resolved" "http://registry.npm.release.ctripcorp.com/readable-stream/download/readable-stream-2.3.7.tgz"
  "version" "2.3.7"
  dependencies:
    "core-util-is" "~1.0.0"
    "inherits" "~2.0.3"
    "isarray" "~1.0.0"
    "process-nextick-args" "~2.0.0"
    "safe-buffer" "~5.1.1"
    "string_decoder" "~1.1.1"
    "util-deprecate" "~1.0.1"

"readdirp@~3.6.0":
  "integrity" "sha1-dKNwvYVxFuJFspzJc0DNQxoCpsc="
  "resolved" "http://registry.npm.release.ctripcorp.com/readdirp/download/readdirp-3.6.0.tgz"
  "version" "3.6.0"
  dependencies:
    "picomatch" "^2.2.1"

"redux@^4.0.0", "redux@^4.0.5":
  "integrity" "sha1-RvENbim2Zm33WHgEN2Ue6yuWnxM="
  "resolved" "http://registry.npm.release.ctripcorp.com/redux/download/redux-4.2.0.tgz"
  "version" "4.2.0"
  dependencies:
    "@babel/runtime" "^7.9.2"

"regenerator-runtime@^0.13.4":
  "integrity" "sha1-iSV0Kpj/2QgUmI11Zq0wyjsmO1I="
  "resolved" "http://registry.npm.release.ctripcorp.com/regenerator-runtime/download/regenerator-runtime-0.13.9.tgz"
  "version" "0.13.9"

"regexp-clone@^1.0.0", "regexp-clone@1.0.0":
  "integrity" "sha1-Ii25Z2IydwViYLmSYmNUoEzpv2M="
  "resolved" "http://registry.npm.release.ctripcorp.com/regexp-clone/download/regexp-clone-1.0.0.tgz"
  "version" "1.0.0"

"require-at@^1.0.6":
  "integrity" "sha1-nrfjxeAHJ/WkdEBwp/Vg1N5Pbmo="
  "resolved" "http://registry.npm.release.ctripcorp.com/require-at/download/require-at-1.0.6.tgz"
  "version" "1.0.6"

"safe-buffer@^5.1.1", "safe-buffer@^5.1.2", "safe-buffer@5.2.1":
  "integrity" "sha1-Hq+fqb2x/dTsdfWPnNtOa3gn7sY="
  "resolved" "http://registry.npm.release.ctripcorp.com/safe-buffer/download/safe-buffer-5.2.1.tgz"
  "version" "5.2.1"

"safe-buffer@~5.1.0":
  "integrity" "sha1-mR7GnSluAxN0fVm9/St0XDX4go0="
  "resolved" "http://registry.npm.release.ctripcorp.com/safe-buffer/download/safe-buffer-5.1.2.tgz"
  "version" "5.1.2"

"safe-buffer@~5.1.1":
  "integrity" "sha1-mR7GnSluAxN0fVm9/St0XDX4go0="
  "resolved" "http://registry.npm.release.ctripcorp.com/safe-buffer/download/safe-buffer-5.1.2.tgz"
  "version" "5.1.2"

"safe-buffer@5.1.2":
  "integrity" "sha1-mR7GnSluAxN0fVm9/St0XDX4go0="
  "resolved" "http://registry.npm.release.ctripcorp.com/safe-buffer/download/safe-buffer-5.1.2.tgz"
  "version" "5.1.2"

"safer-buffer@>= 2.1.2 < 3":
  "integrity" "sha1-RPoWGwGHuVSd2Eu5GAL5vYOFzWo="
  "resolved" "http://registry.npm.release.ctripcorp.com/safer-buffer/download/safer-buffer-2.1.2.tgz"
  "version" "2.1.2"

"saslprep@^1.0.0":
  "integrity" "sha1-TAL5RrVs9UKX40e6EJPnrKxM8iY="
  "resolved" "http://registry.npm.release.ctripcorp.com/saslprep/download/saslprep-1.0.3.tgz"
  "version" "1.0.3"
  dependencies:
    "sparse-bitfield" "^3.0.3"

"scheduler@^0.23.0":
  "integrity" "sha1-uoBBr8PTDrIGpIe2s4QALk5h/f4="
  "resolved" "http://registry.npm.release.ctripcorp.com/scheduler/download/scheduler-0.23.0.tgz"
  "version" "0.23.0"
  dependencies:
    "loose-envify" "^1.1.0"

"semver@^5.7.1":
  "integrity" "sha1-qVT5Ma66UI0we78Gnv8MAclhFvc="
  "resolved" "http://registry.npm.release.ctripcorp.com/semver/download/semver-5.7.1.tgz"
  "version" "5.7.1"

"semver@~7.0.0":
  "integrity" "sha1-XzyjV2HkfgWyBsba/yz4FPAxa44="
  "resolved" "http://registry.npm.release.ctripcorp.com/semver/download/semver-7.0.0.tgz"
  "version" "7.0.0"

"send@0.18.0":
  "integrity" "sha1-ZwFnzGVLBfWqSnZ/kRO7NxvHBr4="
  "resolved" "http://registry.npm.release.ctripcorp.com/send/download/send-0.18.0.tgz"
  "version" "0.18.0"
  dependencies:
    "debug" "2.6.9"
    "depd" "2.0.0"
    "destroy" "1.2.0"
    "encodeurl" "~1.0.2"
    "escape-html" "~1.0.3"
    "etag" "~1.8.1"
    "fresh" "0.5.2"
    "http-errors" "2.0.0"
    "mime" "1.6.0"
    "ms" "2.1.3"
    "on-finished" "2.4.1"
    "range-parser" "~1.2.1"
    "statuses" "2.0.1"

"serve-static@1.15.0":
  "integrity" "sha1-+q7wjP/goaYvYMrQxOUTz/CslUA="
  "resolved" "http://registry.npm.release.ctripcorp.com/serve-static/download/serve-static-1.15.0.tgz"
  "version" "1.15.0"
  dependencies:
    "encodeurl" "~1.0.2"
    "escape-html" "~1.0.3"
    "parseurl" "~1.3.3"
    "send" "0.18.0"

"setprototypeof@1.2.0":
  "integrity" "sha1-ZsmiSnP5/CjL5msJ/tPTPcrxtCQ="
  "resolved" "http://registry.npm.release.ctripcorp.com/setprototypeof/download/setprototypeof-1.2.0.tgz"
  "version" "1.2.0"

"side-channel@^1.0.4":
  "integrity" "sha1-785cj9wQTudRslxY1CkAEfpeos8="
  "resolved" "http://registry.npm.release.ctripcorp.com/side-channel/download/side-channel-1.0.4.tgz"
  "version" "1.0.4"
  dependencies:
    "call-bind" "^1.0.0"
    "get-intrinsic" "^1.0.2"
    "object-inspect" "^1.9.0"

"sift@13.5.2":
  "integrity" "sha1-JKcV4TxhewhhZs0EkX0gSlkcnaY="
  "resolved" "http://registry.npm.release.ctripcorp.com/sift/download/sift-13.5.2.tgz"
  "version" "13.5.2"

"simple-update-notifier@^1.0.7":
  "integrity" "sha1-ft91xb3QT4iCjWMvdisrwymWqcw="
  "resolved" "http://registry.npm.release.ctripcorp.com/simple-update-notifier/download/simple-update-notifier-1.0.7.tgz"
  "version" "1.0.7"
  dependencies:
    "semver" "~7.0.0"

"sliced@1.0.1":
  "integrity" "sha1-CzpmK10Ewxd7GSa+qCsD+Dei70E="
  "resolved" "http://registry.npm.release.ctripcorp.com/sliced/download/sliced-1.0.1.tgz"
  "version" "1.0.1"

"source-map-js@^1.0.2":
  "integrity" "sha1-rbw2HZxi3zgBJefxYfccgm8eSQw="
  "resolved" "http://registry.npm.release.ctripcorp.com/source-map-js/download/source-map-js-1.0.2.tgz"
  "version" "1.0.2"

"sparse-bitfield@^3.0.3":
  "integrity" "sha1-/0rm5oZWBWuks+eSqzM004JzyhE="
  "resolved" "http://registry.npm.release.ctripcorp.com/sparse-bitfield/download/sparse-bitfield-3.0.3.tgz"
  "version" "3.0.3"
  dependencies:
    "memory-pager" "^1.0.2"

"statuses@^1.5.0", "statuses@>= 1.5.0 < 2":
  "integrity" "sha1-Fhx9rBd2Wf2YEfQ3cfqZOBR4Yow="
  "resolved" "http://registry.npm.release.ctripcorp.com/statuses/download/statuses-1.5.0.tgz"
  "version" "1.5.0"

"statuses@2.0.1":
  "integrity" "sha1-VcsADM8dSHKL0jxoWgY5mM8aG2M="
  "resolved" "http://registry.npm.release.ctripcorp.com/statuses/download/statuses-2.0.1.tgz"
  "version" "2.0.1"

"string_decoder@~1.1.1":
  "integrity" "sha1-nPFhG6YmhdcDCunkujQUnDrwP8g="
  "resolved" "http://registry.npm.release.ctripcorp.com/string_decoder/download/string_decoder-1.1.1.tgz"
  "version" "1.1.1"
  dependencies:
    "safe-buffer" "~5.1.0"

"styled-jsx@5.1.0":
  "integrity" "sha1-SlYiq5cUvT/PruwpKqVVhx8FdWM="
  "resolved" "http://registry.npm.release.ctripcorp.com/styled-jsx/download/styled-jsx-5.1.0.tgz"
  "version" "5.1.0"
  dependencies:
    "client-only" "0.0.1"

"supports-color@^5.5.0":
  "integrity" "sha1-4uaaRKyHcveKHsCzW2id9lMO/I8="
  "resolved" "http://registry.npm.release.ctripcorp.com/supports-color/download/supports-color-5.5.0.tgz"
  "version" "5.5.0"
  dependencies:
    "has-flag" "^3.0.0"

"to-regex-range@^5.0.1":
  "integrity" "sha1-FkjESq58jZiKMmAY7XL1tN0DkuQ="
  "resolved" "http://registry.npm.release.ctripcorp.com/to-regex-range/download/to-regex-range-5.0.1.tgz"
  "version" "5.0.1"
  dependencies:
    "is-number" "^7.0.0"

"toidentifier@1.0.1":
  "integrity" "sha1-O+NDIaiKgg7RvYDfqjPkefu43TU="
  "resolved" "http://registry.npm.release.ctripcorp.com/toidentifier/download/toidentifier-1.0.1.tgz"
  "version" "1.0.1"

"touch@^3.1.0":
  "integrity" "sha1-/jZfX3XsntTlaCXgu3bSSrdK+Ds="
  "resolved" "http://registry.npm.release.ctripcorp.com/touch/download/touch-3.1.0.tgz"
  "version" "3.1.0"
  dependencies:
    "nopt" "~1.0.10"

"tslib@^2.4.0":
  "integrity" "sha1-fOyqfwc85oCgWEeqd76UEJjzbcM="
  "resolved" "http://registry.npm.release.ctripcorp.com/tslib/download/tslib-2.4.0.tgz"
  "version" "2.4.0"

"tsscmp@1.0.6":
  "integrity" "sha1-hbmVg6w1iexL/vgltQAKqRHWBes="
  "resolved" "http://registry.npm.release.ctripcorp.com/tsscmp/download/tsscmp-1.0.6.tgz"
  "version" "1.0.6"

"type-is@^1.6.16", "type-is@~1.6.18":
  "integrity" "sha1-TlUs0F3wlGfcvE73Od6J8s83wTE="
  "resolved" "http://registry.npm.release.ctripcorp.com/type-is/download/type-is-1.6.18.tgz"
  "version" "1.6.18"
  dependencies:
    "media-typer" "0.3.0"
    "mime-types" "~2.1.24"

"uid-safe@~2.1.5":
  "integrity" "sha1-Kz1cckDo/C5Y+Komnl7knAhXvTo="
  "resolved" "http://registry.npm.release.ctripcorp.com/uid-safe/download/uid-safe-2.1.5.tgz"
  "version" "2.1.5"
  dependencies:
    "random-bytes" "~1.0.0"

"undefsafe@^2.0.5":
  "integrity" "sha1-OHM7kye9zSJtuIn7cjpu/RYubiw="
  "resolved" "http://registry.npm.release.ctripcorp.com/undefsafe/download/undefsafe-2.0.5.tgz"
  "version" "2.0.5"

"unpipe@~1.0.0", "unpipe@1.0.0":
  "integrity" "sha1-sr9O6FFKrmFltIF4KdIbLvSZBOw="
  "resolved" "http://registry.npm.release.ctripcorp.com/unpipe/download/unpipe-1.0.0.tgz"
  "version" "1.0.0"

"use-sync-external-store@1.2.0":
  "integrity" "sha1-fb79bvP+TnZ6DPXXKHqs+1hGkoo="
  "resolved" "http://registry.npm.release.ctripcorp.com/use-sync-external-store/download/use-sync-external-store-1.2.0.tgz"
  "version" "1.2.0"

"util-deprecate@~1.0.1":
  "integrity" "sha1-RQ1Nyfpw3nMnYvvS1KKJgUGaDM8="
  "resolved" "http://registry.npm.release.ctripcorp.com/util-deprecate/download/util-deprecate-1.0.2.tgz"
  "version" "1.0.2"

"utils-merge@1.0.1":
  "integrity" "sha1-n5VxD1CiZ5R7LMwSR0HBAoQn5xM="
  "resolved" "http://registry.npm.release.ctripcorp.com/utils-merge/download/utils-merge-1.0.1.tgz"
  "version" "1.0.1"

"vary@^1", "vary@^1.1.2", "vary@~1.1.2":
  "integrity" "sha1-IpnwLG3tMNSllhsLn3RSShj2NPw="
  "resolved" "http://registry.npm.release.ctripcorp.com/vary/download/vary-1.1.2.tgz"
  "version" "1.1.2"

"ylru@^1.2.0":
  "integrity" "sha1-DeSAF0cydaTL38g6Hq9nwBr4p4U="
  "resolved" "http://registry.npm.release.ctripcorp.com/ylru/download/ylru-1.3.2.tgz"
  "version" "1.3.2"
